
Microsoft Visual Studio Solution File, Format Version 12.00
# Visual Studio Version 17
VisualStudioVersion = 17.5.33530.505
MinimumVisualStudioVersion = 10.0.40219.1
Project("{FAE04EC0-301F-11D3-BF4B-00C04F79EFBC}") = "BuscaCEP_API", "BuscaCEP_API\BuscaCEP_API.csproj", "{F17C2667-63D8-4225-BEB8-2C554996796E}"
EndProject
Global
	GlobalSection(SolutionConfigurationPlatforms) = preSolution
		Debug|Any CPU = Debug|Any CPU
		Release|Any CPU = Release|Any CPU
	EndGlobalSection
	GlobalSection(ProjectConfigurationPlatforms) = postSolution
		{F17C2667-63D8-4225-BEB8-2C554996796E}.Debug|Any CPU.ActiveCfg = Debug|Any CPU
		{F17C2667-63D8-4225-BEB8-2C554996796E}.Debug|Any CPU.Build.0 = Debug|Any CPU
		{F17C2667-63D8-4225-BEB8-2C554996796E}.Release|Any CPU.ActiveCfg = Release|Any CPU
		{F17C2667-63D8-4225-BEB8-2C554996796E}.Release|Any CPU.Build.0 = Release|Any CPU
	EndGlobalSection
	GlobalSection(SolutionProperties) = preSolution
		HideSolutionNode = FALSE
	EndGlobalSection
	GlobalSection(ExtensibilityGlobals) = postSolution
		SolutionGuid = {E2E0395F-D0DE-47AC-9B8C-9C5E8BF00F42}
	EndGlobalSection
EndGlobal
