
Microsoft Visual Studio Solution File, Format Version 12.00
# Visual Studio Version 17
VisualStudioVersion = 17.5.33530.505
MinimumVisualStudioVersion = 10.0.40219.1
Project("{FAE04EC0-301F-11D3-BF4B-00C04F79EFBC}") = "BuscaIP_API", "BuscaIP_API\BuscaIP_API.csproj", "{5D8F1C86-CFD1-455B-96B8-6DD894132E7C}"
EndProject
Global
	GlobalSection(SolutionConfigurationPlatforms) = preSolution
		Debug|Any CPU = Debug|Any CPU
		Release|Any CPU = Release|Any CPU
	EndGlobalSection
	GlobalSection(ProjectConfigurationPlatforms) = postSolution
		{5D8F1C86-CFD1-455B-96B8-6DD894132E7C}.Debug|Any CPU.ActiveCfg = Debug|Any CPU
		{5D8F1C86-CFD1-455B-96B8-6DD894132E7C}.Debug|Any CPU.Build.0 = Debug|Any CPU
		{5D8F1C86-CFD1-455B-96B8-6DD894132E7C}.Release|Any CPU.ActiveCfg = Release|Any CPU
		{5D8F1C86-CFD1-455B-96B8-6DD894132E7C}.Release|Any CPU.Build.0 = Release|Any CPU
	EndGlobalSection
	GlobalSection(SolutionProperties) = preSolution
		HideSolutionNode = FALSE
	EndGlobalSection
	GlobalSection(ExtensibilityGlobals) = postSolution
		SolutionGuid = {6563359F-8990-41AB-B390-E1B7E0FE1699}
	EndGlobalSection
EndGlobal
