
Microsoft Visual Studio Solution File, Format Version 12.00
# Visual Studio Version 17
VisualStudioVersion = 17.5.33530.505
MinimumVisualStudioVersion = 10.0.40219.1
Project("{FAE04EC0-301F-11D3-BF4B-00C04F79EFBC}") = "ConsoleApp13", "ConsoleApp13\ConsoleApp13.csproj", "{E563A06A-A54C-45D5-837A-C8B27FCF8790}"
EndProject
Global
	GlobalSection(SolutionConfigurationPlatforms) = preSolution
		Debug|Any CPU = Debug|Any CPU
		Release|Any CPU = Release|Any CPU
	EndGlobalSection
	GlobalSection(ProjectConfigurationPlatforms) = postSolution
		{E563A06A-A54C-45D5-837A-C8B27FCF8790}.Debug|Any CPU.ActiveCfg = Debug|Any CPU
		{E563A06A-A54C-45D5-837A-C8B27FCF8790}.Debug|Any CPU.Build.0 = Debug|Any CPU
		{E563A06A-A54C-45D5-837A-C8B27FCF8790}.Release|Any CPU.ActiveCfg = Release|Any CPU
		{E563A06A-A54C-45D5-837A-C8B27FCF8790}.Release|Any CPU.Build.0 = Release|Any CPU
	EndGlobalSection
	GlobalSection(SolutionProperties) = preSolution
		HideSolutionNode = FALSE
	EndGlobalSection
	GlobalSection(ExtensibilityGlobals) = postSolution
		SolutionGuid = {0A6F15AB-C750-4667-9872-D3CA3E360EF9}
	EndGlobalSection
EndGlobal
