
Microsoft Visual Studio Solution File, Format Version 12.00
# Visual Studio Version 17
VisualStudioVersion = 17.5.33530.505
MinimumVisualStudioVersion = 10.0.40219.1
Project("{FAE04EC0-301F-11D3-BF4B-00C04F79EFBC}") = "teste12", "teste12\teste12.csproj", "{EFF726F4-FBE0-4911-ABAA-9D8968D483F2}"
EndProject
Global
	GlobalSection(SolutionConfigurationPlatforms) = preSolution
		Debug|Any CPU = Debug|Any CPU
		Release|Any CPU = Release|Any CPU
	EndGlobalSection
	GlobalSection(ProjectConfigurationPlatforms) = postSolution
		{EFF726F4-FBE0-4911-ABAA-9D8968D483F2}.Debug|Any CPU.ActiveCfg = Debug|Any CPU
		{EFF726F4-FBE0-4911-ABAA-9D8968D483F2}.Debug|Any CPU.Build.0 = Debug|Any CPU
		{EFF726F4-FBE0-4911-ABAA-9D8968D483F2}.Release|Any CPU.ActiveCfg = Release|Any CPU
		{EFF726F4-FBE0-4911-ABAA-9D8968D483F2}.Release|Any CPU.Build.0 = Release|Any CPU
	EndGlobalSection
	GlobalSection(SolutionProperties) = preSolution
		HideSolutionNode = FALSE
	EndGlobalSection
	GlobalSection(ExtensibilityGlobals) = postSolution
		SolutionGuid = {E1646E32-1D93-4561-A353-6F42E5C94DE4}
	EndGlobalSection
EndGlobal
